PODS:
  - DropdownMenu (1.0.0)
  - MSDynamicsDrawerViewController (1.5.1)

DEPENDENCIES:
  - DropdownMenu
  - MSDynamicsDrawerViewController

SPEC CHECKSUMS:
  DropdownMenu: 5777e17ac6ddbc69b151719b83a838da81440786
  MSDynamicsDrawerViewController: 2874df90f5e9453dc7d4e32f8038b50615d4baa7

PODFILE CHECKSUM: 1b55478bc8e6b346249d24783f06f3d688ad8f0c

COCOAPODS: 1.0.1
