PODS:
  - DropdownMenu (1.0.0)
  - LGSideMenuController (1.0.10)

DEPENDENCIES:
  - DropdownMenu
  - LGSideMenuController (~> 1.0.0)

SPEC CHECKSUMS:
  DropdownMenu: 5777e17ac6ddbc69b151719b83a838da81440786
  LGSideMenuController: 8682bdbd0008c1acfbce95eaf96cc3657bca5f95

PODFILE CHECKSUM: 589c95e7c4ff08a681cbc89c3466bea84d8714cf

COCOAPODS: 1.0.1
